
Microsoft Visual Studio Solution File, Format Version 12.00
# Visual Studio 15
VisualStudioVersion = 15.0.27130.2036
MinimumVisualStudioVersion = 10.0.40219.1
Project("{FAE04EC0-301F-11D3-BF4B-00C04F79EFBC}") = "NofeshloadTest", "NofeshloadTest\NofeshloadTest.csproj", "{F1C356BF-4773-494C-A0D2-CC0C4E541DE2}"
EndProject
Project("{2150E333-8FDC-42A3-9474-1A3956D46DE8}") = "Solution Items", "Solution Items", "{089DC7E3-F954-49CC-8C72-C37280C5FBCF}"
	ProjectSection(SolutionItems) = preProject
		dataNofashim.txt = dataNofashim.txt
		Local.testsettings = Local.testsettings
		old.csv = old.csv
		Read.me = Read.me
	EndProjectSection
EndProject
Global
	GlobalSection(SolutionConfigurationPlatforms) = preSolution
		Debug|Any CPU = Debug|Any CPU
		Release|Any CPU = Release|Any CPU
	EndGlobalSection
	GlobalSection(ProjectConfigurationPlatforms) = postSolution
		{F1C356BF-4773-494C-A0D2-CC0C4E541DE2}.Debug|Any CPU.ActiveCfg = Debug|Any CPU
		{F1C356BF-4773-494C-A0D2-CC0C4E541DE2}.Debug|Any CPU.Build.0 = Debug|Any CPU
		{F1C356BF-4773-494C-A0D2-CC0C4E541DE2}.Release|Any CPU.ActiveCfg = Release|Any CPU
		{F1C356BF-4773-494C-A0D2-CC0C4E541DE2}.Release|Any CPU.Build.0 = Release|Any CPU
	EndGlobalSection
	GlobalSection(SolutionProperties) = preSolution
		HideSolutionNode = FALSE
	EndGlobalSection
	GlobalSection(ExtensibilityGlobals) = postSolution
		SolutionGuid = {8D6320E4-3388-45E5-BCAE-DB2416AEF192}
	EndGlobalSection
EndGlobal
